// !$*UTF8*$!
{
	archiveVersion = 1;
	classes = {
	};
	objectVersion = 55;
	objects = {

/* Begin PBXBuildFile section */
		9F8FBC63276AA2BE0028DC99 /* PreviewView.swift in Sources */ = {isa = PBXBuildFile; fileRef = 9F8FBC62276AA2BE0028DC99 /* PreviewView.swift */; };
		9F8FBC66276AA3770028DC99 /* LodingViewController.swift in Sources */ = {isa = PBXBuildFile; fileRef = 9F8FBC65276AA3770028DC99 /* LodingViewController.swift */; };
		9F8FBC6A276AA4560028DC99 /* trash1.json in Resources */ = {isa = PBXBuildFile; fileRef = 9F8FBC68276AA4560028DC99 /* trash1.json */; };
		9F8FBC6B276AA4560028DC99 /* trash2.json in Resources */ = {isa = PBXBuildFile; fileRef = 9F8FBC69276AA4560028DC99 /* trash2.json */; };
		9F8FBC6D276AB09A0028DC99 /* HowToUseViewController.swift in Sources */ = {isa = PBXBuildFile; fileRef = 9F8FBC6C276AB09A0028DC99 /* HowToUseViewController.swift */; };
		9F8FBC6F276AB0D10028DC99 /* CameraViewController.swift in Sources */ = {isa = PBXBuildFile; fileRef = 9F8FBC6E276AB0D10028DC99 /* CameraViewController.swift */; };
		9F8FBC71276AB0EC0028DC99 /* PhotoViewController.swift in Sources */ = {isa = PBXBuildFile; fileRef = 9F8FBC70276AB0EC0028DC99 /* PhotoViewController.swift */; };
		9F8FBC75276AB5A30028DC99 /* ImagePredictor.swift in Sources */ = {isa = PBXBuildFile; fileRef = 9F8FBC74276AB5A30028DC99 /* ImagePredictor.swift */; };
		A78BCEC827649B6D00EA7E18 /* HomeViewController.swift in Sources */ = {isa = PBXBuildFile; fileRef = A78BCEC727649B6D00EA7E18 /* HomeViewController.swift */; };
		A78BCECC2765C60300EA7E18 /* WasteMapView.swift in Sources */ = {isa = PBXBuildFile; fileRef = A78BCECB2765C60300EA7E18 /* WasteMapView.swift */; };
		A78BCECE2765C6DB00EA7E18 /* NaverMap.swift in Sources */ = {isa = PBXBuildFile; fileRef = A78BCECD2765C6DB00EA7E18 /* NaverMap.swift */; };
		A78BCEDD2765F37E00EA7E18 /* LocationService.swift in Sources */ = {isa = PBXBuildFile; fileRef = A78BCEDC2765F37E00EA7E18 /* LocationService.swift */; };
		A78BCEDF2765F3C000EA7E18 /* MapViewModel.swift in Sources */ = {isa = PBXBuildFile; fileRef = A78BCEDE2765F3C000EA7E18 /* MapViewModel.swift */; };
		A7E2C9E927689C7300FCF54A /* OpenAPIResponse.swift in Sources */ = {isa = PBXBuildFile; fileRef = A7E2C9E827689C7300FCF54A /* OpenAPIResponse.swift */; };
		A7E2C9EB2768A02600FCF54A /* TrashService.swift in Sources */ = {isa = PBXBuildFile; fileRef = A7E2C9EA2768A02600FCF54A /* TrashService.swift */; };
		A80E8F682764937600E457FD /* AppDelegate.swift in Sources */ = {isa = PBXBuildFile; fileRef = A80E8F672764937600E457FD /* AppDelegate.swift */; };
		A80E8F6A2764937600E457FD /* SceneDelegate.swift in Sources */ = {isa = PBXBuildFile; fileRef = A80E8F692764937600E457FD /* SceneDelegate.swift */; };
		A80E8F712764937700E457FD /* Assets.xcassets in Resources */ = {isa = PBXBuildFile; fileRef = A80E8F702764937700E457FD /* Assets.xcassets */; };
		A80E8F742764937700E457FD /* LaunchScreen.storyboard in Resources */ = {isa = PBXBuildFile; fileRef = A80E8F722764937700E457FD /* LaunchScreen.storyboard */; };
		A80E8F812764968D00E457FD /* TabbarViewController.swift in Sources */ = {isa = PBXBuildFile; fileRef = A80E8F802764968D00E457FD /* TabbarViewController.swift */; };
		A89B44382769244D001072D7 /* SeparateCollectionGuideViewController.swift in Sources */ = {isa = PBXBuildFile; fileRef = A89B44372769244D001072D7 /* SeparateCollectionGuideViewController.swift */; };
		CDCCE11B360F65381FD3B008 /* Pods_SeparateCollectionAlphaGo.framework in Frameworks */ = {isa = PBXBuildFile; fileRef = 30DB2E3546E8121EC82092E1 /* Pods_SeparateCollectionAlphaGo.framework */; };
/* End PBXBuildFile section */

/* Begin PBXFileReference section */
		30DB2E3546E8121EC82092E1 /* Pods_SeparateCollectionAlphaGo.framework */ = {isa = PBXFileReference; explicitFileType = wrapper.framework; includeInIndex = 0; path = Pods_SeparateCollectionAlphaGo.framework; sourceTree = BUILT_PRODUCTS_DIR; };
		89FA930164D6E826069C55DE /* Pods-SeparateCollectionAlphaGo.debug.xcconfig */ = {isa = PBXFileReference; includeInIndex = 1; lastKnownFileType = text.xcconfig; name = "Pods-SeparateCollectionAlphaGo.debug.xcconfig"; path = "Target Support Files/Pods-SeparateCollectionAlphaGo/Pods-SeparateCollectionAlphaGo.debug.xcconfig"; sourceTree = "<group>"; };
		9F8FBC60276A97820028DC99 /* Config.xcconfig */ = {isa = PBXFileReference; lastKnownFileType = text.xcconfig; path = Config.xcconfig; sourceTree = "<group>"; };
		9F8FBC62276AA2BE0028DC99 /* PreviewView.swift */ = {isa = PBXFileReference; lastKnownFileType = sourcecode.swift; path = PreviewView.swift; sourceTree = "<group>"; };
		9F8FBC65276AA3770028DC99 /* LodingViewController.swift */ = {isa = PBXFileReference; lastKnownFileType = sourcecode.swift; path = LodingViewController.swift; sourceTree = "<group>"; };
		9F8FBC68276AA4560028DC99 /* trash1.json */ = {isa = PBXFileReference; fileEncoding = 4; lastKnownFileType = text.json; path = trash1.json; sourceTree = "<group>"; };
		9F8FBC69276AA4560028DC99 /* trash2.json */ = {isa = PBXFileReference; fileEncoding = 4; lastKnownFileType = text.json; path = trash2.json; sourceTree = "<group>"; };
		9F8FBC6C276AB09A0028DC99 /* HowToUseViewController.swift */ = {isa = PBXFileReference; lastKnownFileType = sourcecode.swift; path = HowToUseViewController.swift; sourceTree = "<group>"; };
		9F8FBC6E276AB0D10028DC99 /* CameraViewController.swift */ = {isa = PBXFileReference; lastKnownFileType = sourcecode.swift; path = CameraViewController.swift; sourceTree = "<group>"; };
		9F8FBC70276AB0EC0028DC99 /* PhotoViewController.swift */ = {isa = PBXFileReference; lastKnownFileType = sourcecode.swift; path = PhotoViewController.swift; sourceTree = "<group>"; };
		9F8FBC74276AB5A30028DC99 /* ImagePredictor.swift */ = {isa = PBXFileReference; lastKnownFileType = sourcecode.swift; path = ImagePredictor.swift; sourceTree = "<group>"; };
		A78BCEC727649B6D00EA7E18 /* HomeViewController.swift */ = {isa = PBXFileReference; lastKnownFileType = sourcecode.swift; path = HomeViewController.swift; sourceTree = "<group>"; };
		A78BCECB2765C60300EA7E18 /* WasteMapView.swift */ = {isa = PBXFileReference; lastKnownFileType = sourcecode.swift; path = WasteMapView.swift; sourceTree = "<group>"; };
		A78BCECD2765C6DB00EA7E18 /* NaverMap.swift */ = {isa = PBXFileReference; lastKnownFileType = sourcecode.swift; path = NaverMap.swift; sourceTree = "<group>"; };
		A78BCEDC2765F37E00EA7E18 /* LocationService.swift */ = {isa = PBXFileReference; lastKnownFileType = sourcecode.swift; path = LocationService.swift; sourceTree = "<group>"; };
		A78BCEDE2765F3C000EA7E18 /* MapViewModel.swift */ = {isa = PBXFileReference; lastKnownFileType = sourcecode.swift; name = MapViewModel.swift; path = SeparateCollectionAlphaGo/Source/Service/MapViewModel.swift; sourceTree = SOURCE_ROOT; };
		A7E2C9E827689C7300FCF54A /* OpenAPIResponse.swift */ = {isa = PBXFileReference; lastKnownFileType = sourcecode.swift; path = OpenAPIResponse.swift; sourceTree = "<group>"; };
		A7E2C9EA2768A02600FCF54A /* TrashService.swift */ = {isa = PBXFileReference; lastKnownFileType = sourcecode.swift; path = TrashService.swift; sourceTree = "<group>"; };
		A80E8F642764937600E457FD /* SeparateCollectionAlphaGo.app */ = {isa = PBXFileReference; explicitFileType = wrapper.application; includeInIndex = 0; path = SeparateCollectionAlphaGo.app; sourceTree = BUILT_PRODUCTS_DIR; };
		A80E8F672764937600E457FD /* AppDelegate.swift */ = {isa = PBXFileReference; lastKnownFileType = sourcecode.swift; path = AppDelegate.swift; sourceTree = "<group>"; };
		A80E8F692764937600E457FD /* SceneDelegate.swift */ = {isa = PBXFileReference; lastKnownFileType = sourcecode.swift; path = SceneDelegate.swift; sourceTree = "<group>"; };
		A80E8F702764937700E457FD /* Assets.xcassets */ = {isa = PBXFileReference; lastKnownFileType = folder.assetcatalog; path = Assets.xcassets; sourceTree = "<group>"; };
		A80E8F732764937700E457FD /* Base */ = {isa = PBXFileReference; lastKnownFileType = file.storyboard; name = Base; path = Base.lproj/LaunchScreen.storyboard; sourceTree = "<group>"; };
		A80E8F752764937700E457FD /* Info.plist */ = {isa = PBXFileReference; lastKnownFileType = text.plist.xml; path = Info.plist; sourceTree = "<group>"; };
		A80E8F802764968D00E457FD /* TabbarViewController.swift */ = {isa = PBXFileReference; lastKnownFileType = sourcecode.swift; path = TabbarViewController.swift; sourceTree = "<group>"; };
		A89B44372769244D001072D7 /* SeparateCollectionGuideViewController.swift */ = {isa = PBXFileReference; lastKnownFileType = sourcecode.swift; path = SeparateCollectionGuideViewController.swift; sourceTree = "<group>"; };
		F01001CCF31CAA7247BC2B05 /* Pods-SeparateCollectionAlphaGo.release.xcconfig */ = {isa = PBXFileReference; includeInIndex = 1; lastKnownFileType = text.xcconfig; name = "Pods-SeparateCollectionAlphaGo.release.xcconfig"; path = "Target Support Files/Pods-SeparateCollectionAlphaGo/Pods-SeparateCollectionAlphaGo.release.xcconfig"; sourceTree = "<group>"; };
/* End PBXFileReference section */

/* Begin PBXFrameworksBuildPhase section */
		A80E8F612764937600E457FD /* Frameworks */ = {
			isa = PBXFrameworksBuildPhase;
			buildActionMask = 2147483647;
			files = (
				CDCCE11B360F65381FD3B008 /* Pods_SeparateCollectionAlphaGo.framework in Frameworks */,
			);
			runOnlyForDeploymentPostprocessing = 0;
		};
/* End PBXFrameworksBuildPhase section */

/* Begin PBXGroup section */
		8BBD6B35B1867753D27628AB /* Frameworks */ = {
			isa = PBXGroup;
			children = (
				30DB2E3546E8121EC82092E1 /* Pods_SeparateCollectionAlphaGo.framework */,
			);
			name = Frameworks;
			sourceTree = "<group>";
		};
		9F8FBC61276AA1820028DC99 /* Controllers */ = {
			isa = PBXGroup;
			children = (
				A78BCEC727649B6D00EA7E18 /* HomeViewController.swift */,
				9F8FBC6C276AB09A0028DC99 /* HowToUseViewController.swift */,
				9F8FBC6E276AB0D10028DC99 /* CameraViewController.swift */,
				9F8FBC70276AB0EC0028DC99 /* PhotoViewController.swift */,
			);
			path = Controllers;
			sourceTree = "<group>";
		};
		9F8FBC64276AA35C0028DC99 /* Loding */ = {
			isa = PBXGroup;
			children = (
				9F8FBC65276AA3770028DC99 /* LodingViewController.swift */,
			);
			path = Loding;
			sourceTree = "<group>";
		};
		9F8FBC67276AA42D0028DC99 /* JSONFile */ = {
			isa = PBXGroup;
			children = (
				9F8FBC68276AA4560028DC99 /* trash1.json */,
				9F8FBC69276AA4560028DC99 /* trash2.json */,
			);
			path = JSONFile;
			sourceTree = "<group>";
		};
		9F8FBC73276AB5810028DC99 /* ImagePredictor */ = {
			isa = PBXGroup;
			children = (
				9F8FBC74276AB5A30028DC99 /* ImagePredictor.swift */,
			);
			path = ImagePredictor;
			sourceTree = "<group>";
		};
		A78BCEDB2765F37400EA7E18 /* Service */ = {
			isa = PBXGroup;
			children = (
				A7E2C9E727689C6400FCF54A /* Entities */,
				A78BCEDC2765F37E00EA7E18 /* LocationService.swift */,
				A7E2C9EA2768A02600FCF54A /* TrashService.swift */,
			);
			path = Service;
			sourceTree = "<group>";
		};
		A7E2C9E727689C6400FCF54A /* Entities */ = {
			isa = PBXGroup;
			children = (
				A7E2C9E827689C7300FCF54A /* OpenAPIResponse.swift */,
			);
			path = Entities;
			sourceTree = "<group>";
		};
		A80E8F5B2764937600E457FD = {
			isa = PBXGroup;
			children = (
				A80E8F662764937600E457FD /* SeparateCollectionAlphaGo */,
				A80E8F652764937600E457FD /* Products */,
				FF92362697074FB671C59AD3 /* Pods */,
				8BBD6B35B1867753D27628AB /* Frameworks */,
			);
			sourceTree = "<group>";
		};
		A80E8F652764937600E457FD /* Products */ = {
			isa = PBXGroup;
			children = (
				A80E8F642764937600E457FD /* SeparateCollectionAlphaGo.app */,
			);
			name = Products;
			sourceTree = "<group>";
		};
		A80E8F662764937600E457FD /* SeparateCollectionAlphaGo */ = {
			isa = PBXGroup;
			children = (
				A80E8F7D2764964700E457FD /* Application */,
				A80E8F7B2764962400E457FD /* Resource */,
				A80E8F7E2764966200E457FD /* Source */,
				A80E8F752764937700E457FD /* Info.plist */,
				9F8FBC60276A97820028DC99 /* Config.xcconfig */,
			);
			path = SeparateCollectionAlphaGo;
			sourceTree = "<group>";
		};
		A80E8F7B2764962400E457FD /* Resource */ = {
			isa = PBXGroup;
			children = (
				9F8FBC67276AA42D0028DC99 /* JSONFile */,
				A80E8F7C2764962F00E457FD /* Extension */,
				A80E8F702764937700E457FD /* Assets.xcassets */,
			);
			path = Resource;
			sourceTree = "<group>";
		};
		A80E8F7C2764962F00E457FD /* Extension */ = {
			isa = PBXGroup;
			children = (
				9F8FBC73276AB5810028DC99 /* ImagePredictor */,
			);
			path = Extension;
			sourceTree = "<group>";
		};
		A80E8F7D2764964700E457FD /* Application */ = {
			isa = PBXGroup;
			children = (
				A80E8F672764937600E457FD /* AppDelegate.swift */,
				A80E8F692764937600E457FD /* SceneDelegate.swift */,
				A80E8F722764937700E457FD /* LaunchScreen.storyboard */,
			);
			path = Application;
			sourceTree = "<group>";
		};
		A80E8F7E2764966200E457FD /* Source */ = {
			isa = PBXGroup;
			children = (
				A78BCEDB2765F37400EA7E18 /* Service */,
				A80E8F842764978000E457FD /* Model */,
				A80E8F822764977000E457FD /* View */,
				A80E8F832764977900E457FD /* ViewModel */,
			);
			path = Source;
			sourceTree = "<group>";
		};
		A80E8F7F2764967300E457FD /* Tab */ = {
			isa = PBXGroup;
			children = (
				A80E8F802764968D00E457FD /* TabbarViewController.swift */,
			);
			path = Tab;
			sourceTree = "<group>";
		};
		A80E8F822764977000E457FD /* View */ = {
			isa = PBXGroup;
			children = (
				9F8FBC64276AA35C0028DC99 /* Loding */,
				A80E8F852764978D00E457FD /* Home */,
				A89B44342769230C001072D7 /* SeparateCollectionGuide */,
				A80E8F86276497A300E457FD /* WasteMap */,
				A80E8F7F2764967300E457FD /* Tab */,
			);
			path = View;
			sourceTree = "<group>";
		};
		A80E8F832764977900E457FD /* ViewModel */ = {
			isa = PBXGroup;
			children = (
				A78BCEDE2765F3C000EA7E18 /* MapViewModel.swift */,
			);
			path = ViewModel;
			sourceTree = "<group>";
		};
		A80E8F842764978000E457FD /* Model */ = {
			isa = PBXGroup;
			children = (
			);
			path = Model;
			sourceTree = "<group>";
		};
		A80E8F852764978D00E457FD /* Home */ = {
			isa = PBXGroup;
			children = (
				9F8FBC62276AA2BE0028DC99 /* PreviewView.swift */,
				9F8FBC61276AA1820028DC99 /* Controllers */,
			);
			path = Home;
			sourceTree = "<group>";
		};
		A80E8F86276497A300E457FD /* WasteMap */ = {
			isa = PBXGroup;
			children = (
				A78BCECB2765C60300EA7E18 /* WasteMapView.swift */,
				A78BCECD2765C6DB00EA7E18 /* NaverMap.swift */,
			);
			path = WasteMap;
			sourceTree = "<group>";
		};
		A89B44342769230C001072D7 /* SeparateCollectionGuide */ = {
			isa = PBXGroup;
			children = (
				A89B44352769241F001072D7 /* Controller */,
				A89B44362769242C001072D7 /* Views */,
			);
			path = SeparateCollectionGuide;
			sourceTree = "<group>";
		};
		A89B44352769241F001072D7 /* Controller */ = {
			isa = PBXGroup;
			children = (
				A89B44372769244D001072D7 /* SeparateCollectionGuideViewController.swift */,
			);
			path = Controller;
			sourceTree = "<group>";
		};
		A89B44362769242C001072D7 /* Views */ = {
			isa = PBXGroup;
			children = (
			);
			path = Views;
			sourceTree = "<group>";
		};
		FF92362697074FB671C59AD3 /* Pods */ = {
			isa = PBXGroup;
			children = (
				89FA930164D6E826069C55DE /* Pods-SeparateCollectionAlphaGo.debug.xcconfig */,
				F01001CCF31CAA7247BC2B05 /* Pods-SeparateCollectionAlphaGo.release.xcconfig */,
			);
			path = Pods;
			sourceTree = "<group>";
		};
/* End PBXGroup section */

/* Begin PBXNativeTarget section */
		A80E8F632764937600E457FD /* SeparateCollectionAlphaGo */ = {
			isa = PBXNativeTarget;
			buildConfigurationList = A80E8F782764937700E457FD /* Build configuration list for PBXNativeTarget "SeparateCollectionAlphaGo" */;
			buildPhases = (
				2FD5F883D644742F2671BCCB /* [CP] Check Pods Manifest.lock */,
				A80E8F602764937600E457FD /* Sources */,
				A80E8F612764937600E457FD /* Frameworks */,
				A80E8F622764937600E457FD /* Resources */,
				928B62B7F472A6DB3C147C52 /* [CP] Embed Pods Frameworks */,
			);
			buildRules = (
			);
			dependencies = (
			);
			name = SeparateCollectionAlphaGo;
			productName = SeparateCollectionAlphaGo;
			productReference = A80E8F642764937600E457FD /* SeparateCollectionAlphaGo.app */;
			productType = "com.apple.product-type.application";
		};
/* End PBXNativeTarget section */

/* Begin PBXProject section */
		A80E8F5C2764937600E457FD /* Project object */ = {
			isa = PBXProject;
			attributes = {
				BuildIndependentTargetsInParallel = 1;
				LastSwiftUpdateCheck = 1310;
				LastUpgradeCheck = 1310;
				TargetAttributes = {
					A80E8F632764937600E457FD = {
						CreatedOnToolsVersion = 13.1;
					};
				};
			};
			buildConfigurationList = A80E8F5F2764937600E457FD /* Build configuration list for PBXProject "SeparateCollectionAlphaGo" */;
			compatibilityVersion = "Xcode 13.0";
			developmentRegion = en;
			hasScannedForEncodings = 0;
			knownRegions = (
				en,
				Base,
			);
			mainGroup = A80E8F5B2764937600E457FD;
			productRefGroup = A80E8F652764937600E457FD /* Products */;
			projectDirPath = "";
			projectRoot = "";
			targets = (
				A80E8F632764937600E457FD /* SeparateCollectionAlphaGo */,
			);
		};
/* End PBXProject section */

/* Begin PBXResourcesBuildPhase section */
		A80E8F622764937600E457FD /* Resources */ = {
			isa = PBXResourcesBuildPhase;
			buildActionMask = 2147483647;
			files = (
				9F8FBC6A276AA4560028DC99 /* trash1.json in Resources */,
				A80E8F742764937700E457FD /* LaunchScreen.storyboard in Resources */,
				A80E8F712764937700E457FD /* Assets.xcassets in Resources */,
				9F8FBC6B276AA4560028DC99 /* trash2.json in Resources */,
			);
			runOnlyForDeploymentPostprocessing = 0;
		};
/* End PBXResourcesBuildPhase section */

/* Begin PBXShellScriptBuildPhase section */
		2FD5F883D644742F2671BCCB /* [CP] Check Pods Manifest.lock */ = {
			isa = PBXShellScriptBuildPhase;
			buildActionMask = 2147483647;
			files = (
			);
			inputFileListPaths = (
			);
			inputPaths = (
				"${PODS_PODFILE_DIR_PATH}/Podfile.lock",
				"${PODS_ROOT}/Manifest.lock",
			);
			name = "[CP] Check Pods Manifest.lock";
			outputFileListPaths = (
			);
			outputPaths = (
				"$(DERIVED_FILE_DIR)/Pods-SeparateCollectionAlphaGo-checkManifestLockResult.txt",
			);
			runOnlyForDeploymentPostprocessing = 0;
			shellPath = /bin/sh;
			shellScript = "diff \"${PODS_PODFILE_DIR_PATH}/Podfile.lock\" \"${PODS_ROOT}/Manifest.lock\" > /dev/null\nif [ $? != 0 ] ; then\n    # print error to STDERR\n    echo \"error: The sandbox is not in sync with the Podfile.lock. Run 'pod install' or update your CocoaPods installation.\" >&2\n    exit 1\nfi\n# This output is used by Xcode 'outputs' to avoid re-running this script phase.\necho \"SUCCESS\" > \"${SCRIPT_OUTPUT_FILE_0}\"\n";
			showEnvVarsInLog = 0;
		};
		928B62B7F472A6DB3C147C52 /* [CP] Embed Pods Frameworks */ = {
			isa = PBXShellScriptBuildPhase;
			buildActionMask = 2147483647;
			files = (
			);
			inputFileListPaths = (
				"${PODS_ROOT}/Target Support Files/Pods-SeparateCollectionAlphaGo/Pods-SeparateCollectionAlphaGo-frameworks-${CONFIGURATION}-input-files.xcfilelist",
			);
			name = "[CP] Embed Pods Frameworks";
			outputFileListPaths = (
				"${PODS_ROOT}/Target Support Files/Pods-SeparateCollectionAlphaGo/Pods-SeparateCollectionAlphaGo-frameworks-${CONFIGURATION}-output-files.xcfilelist",
			);
			runOnlyForDeploymentPostprocessing = 0;
			shellPath = /bin/sh;
			shellScript = "\"${PODS_ROOT}/Target Support Files/Pods-SeparateCollectionAlphaGo/Pods-SeparateCollectionAlphaGo-frameworks.sh\"\n";
			showEnvVarsInLog = 0;
		};
/* End PBXShellScriptBuildPhase section */

/* Begin PBXSourcesBuildPhase section */
		A80E8F602764937600E457FD /* Sources */ = {
			isa = PBXSourcesBuildPhase;
			buildActionMask = 2147483647;
			files = (
				A78BCECE2765C6DB00EA7E18 /* NaverMap.swift in Sources */,
				A80E8F812764968D00E457FD /* TabbarViewController.swift in Sources */,
				A78BCEC827649B6D00EA7E18 /* HomeViewController.swift in Sources */,
				A7E2C9EB2768A02600FCF54A /* TrashService.swift in Sources */,
				A80E8F682764937600E457FD /* AppDelegate.swift in Sources */,
				9F8FBC63276AA2BE0028DC99 /* PreviewView.swift in Sources */,
				A78BCECC2765C60300EA7E18 /* WasteMapView.swift in Sources */,
				A89B44382769244D001072D7 /* SeparateCollectionGuideViewController.swift in Sources */,
				A7E2C9E927689C7300FCF54A /* OpenAPIResponse.swift in Sources */,
				9F8FBC66276AA3770028DC99 /* LodingViewController.swift in Sources */,
				9F8FBC75276AB5A30028DC99 /* ImagePredictor.swift in Sources */,
				9F8FBC6D276AB09A0028DC99 /* HowToUseViewController.swift in Sources */,
				9F8FBC6F276AB0D10028DC99 /* CameraViewController.swift in Sources */,
				A78BCEDD2765F37E00EA7E18 /* LocationService.swift in Sources */,
				9F8FBC71276AB0EC0028DC99 /* PhotoViewController.swift in Sources */,
				A80E8F6A2764937600E457FD /* SceneDelegate.swift in Sources */,
				A78BCEDF2765F3C000EA7E18 /* MapViewModel.swift in Sources */,
			);
			runOnlyForDeploymentPostprocessing = 0;
		};
/* End PBXSourcesBuildPhase section */

/* Begin PBXVariantGroup section */
		A80E8F722764937700E457FD /* LaunchScreen.storyboard */ = {
			isa = PBXVariantGroup;
			children = (
				A80E8F732764937700E457FD /* Base */,
			);
			name = LaunchScreen.storyboard;
			sourceTree = "<group>";
		};
/* End PBXVariantGroup section */

/* Begin XCBuildConfiguration section */
		A80E8F762764937700E457FD /* Debug */ = {
			isa = XCBuildConfiguration;
			buildSettings = {
				ALWAYS_SEARCH_USER_PATHS = NO;
				CLANG_ANALYZER_NONNULL = YES;
				CLANG_ANALYZER_NUMBER_OBJECT_CONVERSION = YES_AGGRESSIVE;
				CLANG_CXX_LANGUAGE_STANDARD = "gnu++17";
				CLANG_CXX_LIBRARY = "libc++";
				CLANG_ENABLE_MODULES = YES;
				CLANG_ENABLE_OBJC_ARC = YES;
				CLANG_ENABLE_OBJC_WEAK = YES;
				CLANG_WARN_BLOCK_CAPTURE_AUTORELEASING = YES;
				CLANG_WARN_BOOL_CONVERSION = YES;
				CLANG_WARN_COMMA = YES;
				CLANG_WARN_CONSTANT_CONVERSION = YES;
				CLANG_WARN_DEPRECATED_OBJC_IMPLEMENTATIONS = YES;
				CLANG_WARN_DIRECT_OBJC_ISA_USAGE = YES_ERROR;
				CLANG_WARN_DOCUMENTATION_COMMENTS = YES;
				CLANG_WARN_EMPTY_BODY = YES;
				CLANG_WARN_ENUM_CONVERSION = YES;
				CLANG_WARN_INFINITE_RECURSION = YES;
				CLANG_WARN_INT_CONVERSION = YES;
				CLANG_WARN_NON_LITERAL_NULL_CONVERSION = YES;
				CLANG_WARN_OBJC_IMPLICIT_RETAIN_SELF = YES;
				CLANG_WARN_OBJC_LITERAL_CONVERSION = YES;
				CLANG_WARN_OBJC_ROOT_CLASS = YES_ERROR;
				CLANG_WARN_QUOTED_INCLUDE_IN_FRAMEWORK_HEADER = YES;
				CLANG_WARN_RANGE_LOOP_ANALYSIS = YES;
				CLANG_WARN_STRICT_PROTOTYPES = YES;
				CLANG_WARN_SUSPICIOUS_MOVE = YES;
				CLANG_WARN_UNGUARDED_AVAILABILITY = YES_AGGRESSIVE;
				CLANG_WARN_UNREACHABLE_CODE = YES;
				CLANG_WARN__DUPLICATE_METHOD_MATCH = YES;
				COPY_PHASE_STRIP = NO;
				DEBUG_INFORMATION_FORMAT = dwarf;
				ENABLE_STRICT_OBJC_MSGSEND = YES;
				ENABLE_TESTABILITY = YES;
				GCC_C_LANGUAGE_STANDARD = gnu11;
				GCC_DYNAMIC_NO_PIC = NO;
				GCC_NO_COMMON_BLOCKS = YES;
				GCC_OPTIMIZATION_LEVEL = 0;
				GCC_PREPROCESSOR_DEFINITIONS = (
					"DEBUG=1",
					"$(inherited)",
				);
				GCC_WARN_64_TO_32_BIT_CONVERSION = YES;
				GCC_WARN_ABOUT_RETURN_TYPE = YES_ERROR;
				GCC_WARN_UNDECLARED_SELECTOR = YES;
				GCC_WARN_UNINITIALIZED_AUTOS = YES_AGGRESSIVE;
				GCC_WARN_UNUSED_FUNCTION = YES;
				GCC_WARN_UNUSED_VARIABLE = YES;
				IPHONEOS_DEPLOYMENT_TARGET = 15.0;
				MTL_ENABLE_DEBUG_INFO = INCLUDE_SOURCE;
				MTL_FAST_MATH = YES;
				ONLY_ACTIVE_ARCH = YES;
				SDKROOT = iphoneos;
				SWIFT_ACTIVE_COMPILATION_CONDITIONS = DEBUG;
				SWIFT_OPTIMIZATION_LEVEL = "-Onone";
			};
			name = Debug;
		};
		A80E8F772764937700E457FD /* Release */ = {
			isa = XCBuildConfiguration;
			buildSettings = {
				ALWAYS_SEARCH_USER_PATHS = NO;
				CLANG_ANALYZER_NONNULL = YES;
				CLANG_ANALYZER_NUMBER_OBJECT_CONVERSION = YES_AGGRESSIVE;
				CLANG_CXX_LANGUAGE_STANDARD = "gnu++17";
				CLANG_CXX_LIBRARY = "libc++";
				CLANG_ENABLE_MODULES = YES;
				CLANG_ENABLE_OBJC_ARC = YES;
				CLANG_ENABLE_OBJC_WEAK = YES;
				CLANG_WARN_BLOCK_CAPTURE_AUTORELEASING = YES;
				CLANG_WARN_BOOL_CONVERSION = YES;
				CLANG_WARN_COMMA = YES;
				CLANG_WARN_CONSTANT_CONVERSION = YES;
				CLANG_WARN_DEPRECATED_OBJC_IMPLEMENTATIONS = YES;
				CLANG_WARN_DIRECT_OBJC_ISA_USAGE = YES_ERROR;
				CLANG_WARN_DOCUMENTATION_COMMENTS = YES;
				CLANG_WARN_EMPTY_BODY = YES;
				CLANG_WARN_ENUM_CONVERSION = YES;
				CLANG_WARN_INFINITE_RECURSION = YES;
				CLANG_WARN_INT_CONVERSION = YES;
				CLANG_WARN_NON_LITERAL_NULL_CONVERSION = YES;
				CLANG_WARN_OBJC_IMPLICIT_RETAIN_SELF = YES;
				CLANG_WARN_OBJC_LITERAL_CONVERSION = YES;
				CLANG_WARN_OBJC_ROOT_CLASS = YES_ERROR;
				CLANG_WARN_QUOTED_INCLUDE_IN_FRAMEWORK_HEADER = YES;
				CLANG_WARN_RANGE_LOOP_ANALYSIS = YES;
				CLANG_WARN_STRICT_PROTOTYPES = YES;
				CLANG_WARN_SUSPICIOUS_MOVE = YES;
				CLANG_WARN_UNGUARDED_AVAILABILITY = YES_AGGRESSIVE;
				CLANG_WARN_UNREACHABLE_CODE = YES;
				CLANG_WARN__DUPLICATE_METHOD_MATCH = YES;
				COPY_PHASE_STRIP = NO;
				DEBUG_INFORMATION_FORMAT = "dwarf-with-dsym";
				ENABLE_NS_ASSERTIONS = NO;
				ENABLE_STRICT_OBJC_MSGSEND = YES;
				GCC_C_LANGUAGE_STANDARD = gnu11;
				GCC_NO_COMMON_BLOCKS = YES;
				GCC_WARN_64_TO_32_BIT_CONVERSION = YES;
				GCC_WARN_ABOUT_RETURN_TYPE = YES_ERROR;
				GCC_WARN_UNDECLARED_SELECTOR = YES;
				GCC_WARN_UNINITIALIZED_AUTOS = YES_AGGRESSIVE;
				GCC_WARN_UNUSED_FUNCTION = YES;
				GCC_WARN_UNUSED_VARIABLE = YES;
				IPHONEOS_DEPLOYMENT_TARGET = 15.0;
				MTL_ENABLE_DEBUG_INFO = NO;
				MTL_FAST_MATH = YES;
				SDKROOT = iphoneos;
				SWIFT_COMPILATION_MODE = wholemodule;
				SWIFT_OPTIMIZATION_LEVEL = "-O";
				VALIDATE_PRODUCT = YES;
			};
			name = Release;
		};
		A80E8F792764937700E457FD /* Debug */ = {
			isa = XCBuildConfiguration;
			baseConfigurationReference = 89FA930164D6E826069C55DE /* Pods-SeparateCollectionAlphaGo.debug.xcconfig */;
			buildSettings = {
				ASSETCATALOG_COMPILER_APPICON_NAME = AppIcon;
				ASSETCATALOG_COMPILER_GLOBAL_ACCENT_COLOR_NAME = AccentColor;
				CODE_SIGN_STYLE = Automatic;
				CURRENT_PROJECT_VERSION = 1;
				DEVELOPMENT_TEAM = 8K8VT9C65D;
				GENERATE_INFOPLIST_FILE = YES;
				INFOPLIST_FILE = SeparateCollectionAlphaGo/Info.plist;
				INFOPLIST_KEY_NSLocationAlwaysUsageDescription = "네이버 지도에서 현위치를 표시하기 위해 위치정보가 사용됩니다.";
				INFOPLIST_KEY_NSLocationWhenInUseUsageDescription = "네이버 지도에서 현위치를 표시하기 위해 위치정보가 사용됩니다.";
				INFOPLIST_KEY_UIApplicationSupportsIndirectInputEvents = YES;
				INFOPLIST_KEY_UILaunchStoryboardName = LaunchScreen;
				INFOPLIST_KEY_UISupportedInterfaceOrientations_iPad = "UIInterfaceOrientationPortrait UIInterfaceOrientationPortraitUpsideDown UIInterfaceOrientationLandscapeLeft UIInterfaceOrientationLandscapeRight";
				INFOPLIST_KEY_UISupportedInterfaceOrientations_iPhone = "UIInterfaceOrientationPortrait UIInterfaceOrientationLandscapeLeft UIInterfaceOrientationLandscapeRight";
				LD_RUNPATH_SEARCH_PATHS = (
					"$(inherited)",
					"@executable_path/Frameworks",
				);
				MARKETING_VERSION = 1.0;
				PRODUCT_BUNDLE_IDENTIFIER = com.JH.SCAlphaGo.SeparateCollectionAlphaGo.hayeon;
				PRODUCT_NAME = "$(TARGET_NAME)";
				SWIFT_EMIT_LOC_STRINGS = YES;
				SWIFT_VERSION = 5.0;
				TARGETED_DEVICE_FAMILY = "1,2";
			};
			name = Debug;
		};
		A80E8F7A2764937700E457FD /* Release */ = {
			isa = XCBuildConfiguration;
			baseConfigurationReference = F01001CCF31CAA7247BC2B05 /* Pods-SeparateCollectionAlphaGo.release.xcconfig */;
			buildSettings = {
				ASSETCATALOG_COMPILER_APPICON_NAME = AppIcon;
				ASSETCATALOG_COMPILER_GLOBAL_ACCENT_COLOR_NAME = AccentColor;
				CODE_SIGN_STYLE = Automatic;
				CURRENT_PROJECT_VERSION = 1;
				DEVELOPMENT_TEAM = 8K8VT9C65D;
				GENERATE_INFOPLIST_FILE = YES;
				INFOPLIST_FILE = SeparateCollectionAlphaGo/Info.plist;
				INFOPLIST_KEY_NSLocationAlwaysUsageDescription = "네이버 지도에서 현위치를 표시하기 위해 위치정보가 사용됩니다.";
				INFOPLIST_KEY_NSLocationWhenInUseUsageDescription = "네이버 지도에서 현위치를 표시하기 위해 위치정보가 사용됩니다.";
				INFOPLIST_KEY_UIApplicationSupportsIndirectInputEvents = YES;
				INFOPLIST_KEY_UILaunchStoryboardName = LaunchScreen;
				INFOPLIST_KEY_UISupportedInterfaceOrientations_iPad = "UIInterfaceOrientationPortrait UIInterfaceOrientationPortraitUpsideDown UIInterfaceOrientationLandscapeLeft UIInterfaceOrientationLandscapeRight";
				INFOPLIST_KEY_UISupportedInterfaceOrientations_iPhone = "UIInterfaceOrientationPortrait UIInterfaceOrientationLandscapeLeft UIInterfaceOrientationLandscapeRight";
				LD_RUNPATH_SEARCH_PATHS = (
					"$(inherited)",
					"@executable_path/Frameworks",
				);
				MARKETING_VERSION = 1.0;
				PRODUCT_BUNDLE_IDENTIFIER = com.JH.SCAlphaGo.SeparateCollectionAlphaGo.hayeon;
				PRODUCT_NAME = "$(TARGET_NAME)";
				SWIFT_EMIT_LOC_STRINGS = YES;
				SWIFT_VERSION = 5.0;
				TARGETED_DEVICE_FAMILY = "1,2";
			};
			name = Release;
		};
/* End XCBuildConfiguration section */

/* Begin XCConfigurationList section */
		A80E8F5F2764937600E457FD /* Build configuration list for PBXProject "SeparateCollectionAlphaGo" */ = {
			isa = XCConfigurationList;
			buildConfigurations = (
				A80E8F762764937700E457FD /* Debug */,
				A80E8F772764937700E457FD /* Release */,
			);
			defaultConfigurationIsVisible = 0;
			defaultConfigurationName = Debug;
		};
		A80E8F782764937700E457FD /* Build configuration list for PBXNativeTarget "SeparateCollectionAlphaGo" */ = {
			isa = XCConfigurationList;
			buildConfigurations = (
				A80E8F792764937700E457FD /* Debug */,
				A80E8F7A2764937700E457FD /* Release */,
			);
			defaultConfigurationIsVisible = 0;
			defaultConfigurationName = Debug;
		};
/* End XCConfigurationList section */
	};
	rootObject = A80E8F5C2764937600E457FD /* Project object */;
}
